
Microsoft Visual Studio Solution File, Format Version 12.00
# Visual Studio 15
VisualStudioVersion = 15.0.27428.2043
MinimumVisualStudioVersion = 10.0.40219.1
Project("{FAE04EC0-301F-11D3-BF4B-00C04F79EFBC}") = "WebAPI", "WebAPI\WebAPI.csproj", "{C119D693-38EE-4869-89EA-5C889437A65B}"
EndProject
Global
	GlobalSection(SolutionConfigurationPlatforms) = preSolution
		Debug|Any CPU = Debug|Any CPU
		Release|Any CPU = Release|Any CPU
	EndGlobalSection
	GlobalSection(ProjectConfigurationPlatforms) = postSolution
		{C119D693-38EE-4869-89EA-5C889437A65B}.Debug|Any CPU.ActiveCfg = Debug|Any CPU
		{C119D693-38EE-4869-89EA-5C889437A65B}.Debug|Any CPU.Build.0 = Debug|Any CPU
		{C119D693-38EE-4869-89EA-5C889437A65B}.Release|Any CPU.ActiveCfg = Release|Any CPU
		{C119D693-38EE-4869-89EA-5C889437A65B}.Release|Any CPU.Build.0 = Release|Any CPU
	EndGlobalSection
	GlobalSection(SolutionProperties) = preSolution
		HideSolutionNode = FALSE
	EndGlobalSection
	GlobalSection(ExtensibilityGlobals) = postSolution
		SolutionGuid = {A92DB0D9-833C-4ABF-B31A-740A80F34B3F}
	EndGlobalSection
EndGlobal
